<?xml version="1.0" encoding="utf-8"?>
<Project ToolsVersion="4.0" xmlns="http://schemas.microsoft.com/developer/msbuild/2003">
  <ItemGroup>
    <Filter Include="Exclude Files">
      <UniqueIdentifier>{c2e0c08f-b072-4f98-b919-af3e736f5149}</UniqueIdentifier>
    </Filter>
    <Filter Include="Resource Files">
      <UniqueIdentifier>{67DA6AB6-F800-4c08-8B7A-83BB121AAD01}</UniqueIdentifier>
      <Extensions>rc;ico;cur;bmp;dlg;rc2;rct;bin;rgs;gif;jpg;jpeg;jpe;resx;tiff;tif;png;wav;mfcribbon-ms</Extensions>
    </Filter>
    <Filter Include="Header Files">
      <UniqueIdentifier>{93995380-89BD-4b04-88EB-625FBE52EBFB}</UniqueIdentifier>
      <Extensions>h;hh;hpp;hxx;hm;inl;inc;ipp;xsd</Extensions>
    </Filter>
    <Filter Include="Source Files">
      <UniqueIdentifier>{4FC737F1-C7A5-4376-A066-2A32D752A2FF}</UniqueIdentifier>
      <Extensions>cpp;c;cc;cxx;def;odl;idl;hpj;bat;asm;asmx</Extensions>
    </Filter>
    <Filter Include="Header Files\shared">
      <UniqueIdentifier>{83d4ef3b-e657-4bdb-a9e1-e9ac9a6ebf4c}</UniqueIdentifier>
    </Filter>
    <Filter Include="Header Files\shared\windbg">
      <UniqueIdentifier>{ac67ebfb-761f-426b-8629-405eef5f8442}</UniqueIdentifier>
    </Filter>
    <Filter Include="Header Files\shared\winmaker">
      <UniqueIdentifier>{4bb2f419-132a-413e-8a6d-2bd7ed875cec}</UniqueIdentifier>
    </Filter>
    <Filter Include="Header Files\shared\winmutex">
      <UniqueIdentifier>{2a013518-17a1-467d-8ee9-47ec677372ed}</UniqueIdentifier>
    </Filter>
    <Filter Include="Header Files\shared\sakurakit">
      <UniqueIdentifier>{4b729ffa-4ae6-456f-9cf8-bb4b1fb23a87}</UniqueIdentifier>
    </Filter>
    <Filter Include="Source Files\shared">
      <UniqueIdentifier>{398915b3-f8fd-478e-b810-19bce64f7134}</UniqueIdentifier>
    </Filter>
    <Filter Include="Source Files\shared\winmaker">
      <UniqueIdentifier>{9d415d2f-8585-4d5c-8e87-7c11da4a4325}</UniqueIdentifier>
    </Filter>
    <Filter Include="Source Files\shared\windbg">
      <UniqueIdentifier>{5d72576e-6914-4758-bb96-71870e969553}</UniqueIdentifier>
    </Filter>
  </ItemGroup>
  <ItemGroup>
    <ClInclude Include="stdafx.h">
      <Filter>Header Files</Filter>
    </ClInclude>
    <ClInclude Include="targetver.h">
      <Filter>Header Files</Filter>
    </ClInclude>
    <ClInclude Include="src\textthread_p.h">
      <Filter>Header Files</Filter>
    </ClInclude>
    <ClInclude Include="src\avl_p.h">
      <Filter>Header Files</Filter>
    </ClInclude>
    <ClInclude Include="src\config.h">
      <Filter>Header Files</Filter>
    </ClInclude>
    <ClInclude Include="src\hookman.h">
      <Filter>Header Files</Filter>
    </ClInclude>
    <ClInclude Include="src\host.h">
      <Filter>Header Files</Filter>
    </ClInclude>
    <ClInclude Include="src\host_p.h">
      <Filter>Header Files</Filter>
    </ClInclude>
    <ClInclude Include="src\settings.h">
      <Filter>Header Files</Filter>
    </ClInclude>
    <ClInclude Include="src\textthread.h">
      <Filter>Header Files</Filter>
    </ClInclude>
    <ClInclude Include="..\Shared\windbg\util.h">
      <Filter>Header Files\shared\windbg</Filter>
    </ClInclude>
    <ClInclude Include="..\Shared\windbg\windbg.h">
      <Filter>Header Files\shared\windbg</Filter>
    </ClInclude>
    <ClInclude Include="..\Shared\windbg\windbg_p.h">
      <Filter>Header Files\shared\windbg</Filter>
    </ClInclude>
    <ClInclude Include="..\Shared\windbg\hijack.h">
      <Filter>Header Files\shared\windbg</Filter>
    </ClInclude>
    <ClInclude Include="..\Shared\windbg\inject.h">
      <Filter>Header Files\shared\windbg</Filter>
    </ClInclude>
    <ClInclude Include="..\Shared\windbg\unload.h">
      <Filter>Header Files\shared\windbg</Filter>
    </ClInclude>
    <ClInclude Include="..\Shared\sakurakit\skdebug.h">
      <Filter>Header Files\shared\sakurakit</Filter>
    </ClInclude>
    <ClInclude Include="..\Shared\winmutex\winmutex.h">
      <Filter>Header Files\shared\winmutex</Filter>
    </ClInclude>
    <ClInclude Include="..\Shared\winmaker\winmaker.h">
      <Filter>Header Files\shared\winmaker</Filter>
    </ClInclude>
  </ItemGroup>
  <ItemGroup>
    <ClCompile Include="stdafx.cpp">
      <Filter>Source Files</Filter>
    </ClCompile>
    <ClCompile Include="VNRHost.cpp">
      <Filter>Exclude Files</Filter>
    </ClCompile>
    <ClCompile Include="dllmain.cpp">
      <Filter>Exclude Files</Filter>
    </ClCompile>
    <ClCompile Include="src\textthread.cc">
      <Filter>Source Files</Filter>
    </ClCompile>
    <ClCompile Include="src\hookman.cc">
      <Filter>Source Files</Filter>
    </ClCompile>
    <ClCompile Include="src\host.cc">
      <Filter>Source Files</Filter>
    </ClCompile>
    <ClCompile Include="src\pipe.cc">
      <Filter>Source Files</Filter>
    </ClCompile>
    <ClCompile Include="..\Shared\winmaker\winmaker.cc">
      <Filter>Source Files\shared\winmaker</Filter>
    </ClCompile>
    <ClCompile Include="..\Shared\windbg\unload.cc">
      <Filter>Source Files\shared\windbg</Filter>
    </ClCompile>
    <ClCompile Include="..\Shared\windbg\hijack.cc">
      <Filter>Source Files\shared\windbg</Filter>
    </ClCompile>
    <ClCompile Include="..\Shared\windbg\inject.cc">
      <Filter>Source Files\shared\windbg</Filter>
    </ClCompile>
  </ItemGroup>
</Project>